{
 "name": "Package",
 "lockfileVersion": 2,
 "requires": true,
 "packages": {
  "": {
   "name": "Package",
   "dependencies": {
    "Package": "file:"
   }
  },
  "node_modules/Package": {
   "resolved": "",
   "link": true
  }
 },
 "dependencies": {
  "Package": {
   "version": "file:",
   "requires": {
    "Package": "file:"
   }
  }
 }
}
